
Microsoft Visual Studio Solution File, Format Version 12.00
# Visual Studio 15
VisualStudioVersion = 15.0.26403.7
MinimumVisualStudioVersion = 10.0.40219.1
Project("{FAE04EC0-301F-11D3-BF4B-00C04F79EFBC}") = "ConsoleApp", "ConsoleApp\ConsoleApp.csproj", "{4F624B43-208B-4230-855C-86BA4176BA7A}"
EndProject
Project("{FAE04EC0-301F-11D3-BF4B-00C04F79EFBC}") = "WebApplication", "WebApplication\WebApplication.csproj", "{EBE1C8D1-A1E7-4262-9DD1-3814C6EE8F6C}"
EndProject
Project("{2150E333-8FDC-42A3-9474-1A3956D46DE8}") = "01 AutoFac", "01 AutoFac", "{0909ABE6-E829-431A-96E6-AE1814C79CAB}"
EndProject
Project("{FAE04EC0-301F-11D3-BF4B-00C04F79EFBC}") = "Bms.Web", "Bsm.Web\Bms.Web.csproj", "{84A30EB8-57D2-4D0B-B06C-1A597A89393D}"
EndProject
Project("{FAE04EC0-301F-11D3-BF4B-00C04F79EFBC}") = "Bms.Repository", "Bms.Repository\Bms.Repository.csproj", "{F51A5869-6744-4D27-9CB5-7997FEE01A82}"
EndProject
Project("{FAE04EC0-301F-11D3-BF4B-00C04F79EFBC}") = "Bms.Domain", "Bms.Domain\Bms.Domain.csproj", "{F86390FC-5341-4A58-B410-10F25411277C}"
EndProject
Project("{FAE04EC0-301F-11D3-BF4B-00C04F79EFBC}") = "ConsoleApplication", "ConsoleApplication\ConsoleApplication.csproj", "{19722F16-F455-45D3-B61C-FF78D515B055}"
EndProject
Project("{FAE04EC0-301F-11D3-BF4B-00C04F79EFBC}") = "WebApplicationForm", "WebApplicationForm\WebApplicationForm.csproj", "{074B316C-2C66-4119-B318-AFAD8F5E78EC}"
EndProject
Global
	GlobalSection(SolutionConfigurationPlatforms) = preSolution
		Debug|Any CPU = Debug|Any CPU
		Release|Any CPU = Release|Any CPU
	EndGlobalSection
	GlobalSection(ProjectConfigurationPlatforms) = postSolution
		{4F624B43-208B-4230-855C-86BA4176BA7A}.Debug|Any CPU.ActiveCfg = Debug|Any CPU
		{4F624B43-208B-4230-855C-86BA4176BA7A}.Debug|Any CPU.Build.0 = Debug|Any CPU
		{4F624B43-208B-4230-855C-86BA4176BA7A}.Release|Any CPU.ActiveCfg = Release|Any CPU
		{4F624B43-208B-4230-855C-86BA4176BA7A}.Release|Any CPU.Build.0 = Release|Any CPU
		{EBE1C8D1-A1E7-4262-9DD1-3814C6EE8F6C}.Debug|Any CPU.ActiveCfg = Debug|Any CPU
		{EBE1C8D1-A1E7-4262-9DD1-3814C6EE8F6C}.Debug|Any CPU.Build.0 = Debug|Any CPU
		{EBE1C8D1-A1E7-4262-9DD1-3814C6EE8F6C}.Release|Any CPU.ActiveCfg = Release|Any CPU
		{EBE1C8D1-A1E7-4262-9DD1-3814C6EE8F6C}.Release|Any CPU.Build.0 = Release|Any CPU
		{84A30EB8-57D2-4D0B-B06C-1A597A89393D}.Debug|Any CPU.ActiveCfg = Debug|Any CPU
		{84A30EB8-57D2-4D0B-B06C-1A597A89393D}.Debug|Any CPU.Build.0 = Debug|Any CPU
		{84A30EB8-57D2-4D0B-B06C-1A597A89393D}.Release|Any CPU.ActiveCfg = Release|Any CPU
		{84A30EB8-57D2-4D0B-B06C-1A597A89393D}.Release|Any CPU.Build.0 = Release|Any CPU
		{F51A5869-6744-4D27-9CB5-7997FEE01A82}.Debug|Any CPU.ActiveCfg = Debug|Any CPU
		{F51A5869-6744-4D27-9CB5-7997FEE01A82}.Debug|Any CPU.Build.0 = Debug|Any CPU
		{F51A5869-6744-4D27-9CB5-7997FEE01A82}.Release|Any CPU.ActiveCfg = Release|Any CPU
		{F51A5869-6744-4D27-9CB5-7997FEE01A82}.Release|Any CPU.Build.0 = Release|Any CPU
		{F86390FC-5341-4A58-B410-10F25411277C}.Debug|Any CPU.ActiveCfg = Debug|Any CPU
		{F86390FC-5341-4A58-B410-10F25411277C}.Debug|Any CPU.Build.0 = Debug|Any CPU
		{F86390FC-5341-4A58-B410-10F25411277C}.Release|Any CPU.ActiveCfg = Release|Any CPU
		{F86390FC-5341-4A58-B410-10F25411277C}.Release|Any CPU.Build.0 = Release|Any CPU
		{19722F16-F455-45D3-B61C-FF78D515B055}.Debug|Any CPU.ActiveCfg = Debug|Any CPU
		{19722F16-F455-45D3-B61C-FF78D515B055}.Debug|Any CPU.Build.0 = Debug|Any CPU
		{19722F16-F455-45D3-B61C-FF78D515B055}.Release|Any CPU.ActiveCfg = Release|Any CPU
		{19722F16-F455-45D3-B61C-FF78D515B055}.Release|Any CPU.Build.0 = Release|Any CPU
		{074B316C-2C66-4119-B318-AFAD8F5E78EC}.Debug|Any CPU.ActiveCfg = Debug|Any CPU
		{074B316C-2C66-4119-B318-AFAD8F5E78EC}.Debug|Any CPU.Build.0 = Debug|Any CPU
		{074B316C-2C66-4119-B318-AFAD8F5E78EC}.Release|Any CPU.ActiveCfg = Release|Any CPU
		{074B316C-2C66-4119-B318-AFAD8F5E78EC}.Release|Any CPU.Build.0 = Release|Any CPU
	EndGlobalSection
	GlobalSection(SolutionProperties) = preSolution
		HideSolutionNode = FALSE
	EndGlobalSection
	GlobalSection(NestedProjects) = preSolution
		{84A30EB8-57D2-4D0B-B06C-1A597A89393D} = {0909ABE6-E829-431A-96E6-AE1814C79CAB}
		{F51A5869-6744-4D27-9CB5-7997FEE01A82} = {0909ABE6-E829-431A-96E6-AE1814C79CAB}
		{F86390FC-5341-4A58-B410-10F25411277C} = {0909ABE6-E829-431A-96E6-AE1814C79CAB}
	EndGlobalSection
EndGlobal
